
Microsoft Visual Studio Solution File, Format Version 12.00
# Visual Studio Version 17
VisualStudioVersion = 17.8.34330.188
MinimumVisualStudioVersion = 10.0.40219.1
Project("{FAE04EC0-301F-11D3-BF4B-00C04F79EFBC}") = "Gregor_WASM", "Gregor_WASM\Gregor_WASM.csproj", "{145DA8F7-4CBF-4D49-9E4D-4C86415FADE2}"
EndProject
Global
	GlobalSection(SolutionConfigurationPlatforms) = preSolution
		Debug|Any CPU = Debug|Any CPU
		Release|Any CPU = Release|Any CPU
	EndGlobalSection
	GlobalSection(ProjectConfigurationPlatforms) = postSolution
		{145DA8F7-4CBF-4D49-9E4D-4C86415FADE2}.Debug|Any CPU.ActiveCfg = Debug|Any CPU
		{145DA8F7-4CBF-4D49-9E4D-4C86415FADE2}.Debug|Any CPU.Build.0 = Debug|Any CPU
		{145DA8F7-4CBF-4D49-9E4D-4C86415FADE2}.Release|Any CPU.ActiveCfg = Release|Any CPU
		{145DA8F7-4CBF-4D49-9E4D-4C86415FADE2}.Release|Any CPU.Build.0 = Release|Any CPU
	EndGlobalSection
	GlobalSection(SolutionProperties) = preSolution
		HideSolutionNode = FALSE
	EndGlobalSection
	GlobalSection(ExtensibilityGlobals) = postSolution
		SolutionGuid = {6DB4F83A-58B5-4768-A4EA-20E96B563A6A}
	EndGlobalSection
EndGlobal
