
Microsoft Visual Studio Solution File, Format Version 12.00
# Visual Studio Version 16
VisualStudioVersion = 16.0.30717.126
MinimumVisualStudioVersion = 10.0.40219.1
Project("{FAE04EC0-301F-11D3-BF4B-00C04F79EFBC}") = "Drogon3", "Drogon3\Drogon3.csproj", "{66B8F084-34A1-4015-972E-D9A8B0FB599A}"
EndProject
Project("{FAE04EC0-301F-11D3-BF4B-00C04F79EFBC}") = "wpfPrev", "wpfPrev\wpfPrev.csproj", "{E630840B-BB2D-4CF8-A33F-8E7E511920FD}"
EndProject
Project("{FAE04EC0-301F-11D3-BF4B-00C04F79EFBC}") = "RotatingBezierSplineEditor", "..\RotatingBezierSplineEditor\RotatingBezierSplineEditor\RotatingBezierSplineEditor.csproj", "{551DF982-AE58-4665-B1B9-EB117827A6B1}"
EndProject
Project("{FAE04EC0-301F-11D3-BF4B-00C04F79EFBC}") = "Physics", "Physics\Physics.csproj", "{5B196E54-40C4-42A2-ADBA-0EE1967C92B0}"
EndProject
Project("{FAE04EC0-301F-11D3-BF4B-00C04F79EFBC}") = "PhysLogger2", "..\..\..\PhysLoggerGen2\PhysLogger\PhysLoggerDesktop\VSProj\PhysLogger2\PhysLogger2.csproj", "{0E574474-8A0F-4074-8E19-AA1EF5B8D87A}"
EndProject
Global
	GlobalSection(SolutionConfigurationPlatforms) = preSolution
		Debug|Any CPU = Debug|Any CPU
		Release|Any CPU = Release|Any CPU
	EndGlobalSection
	GlobalSection(ProjectConfigurationPlatforms) = postSolution
		{66B8F084-34A1-4015-972E-D9A8B0FB599A}.Debug|Any CPU.ActiveCfg = Debug|Any CPU
		{66B8F084-34A1-4015-972E-D9A8B0FB599A}.Debug|Any CPU.Build.0 = Debug|Any CPU
		{66B8F084-34A1-4015-972E-D9A8B0FB599A}.Release|Any CPU.ActiveCfg = Release|Any CPU
		{66B8F084-34A1-4015-972E-D9A8B0FB599A}.Release|Any CPU.Build.0 = Release|Any CPU
		{E630840B-BB2D-4CF8-A33F-8E7E511920FD}.Debug|Any CPU.ActiveCfg = Debug|Any CPU
		{E630840B-BB2D-4CF8-A33F-8E7E511920FD}.Debug|Any CPU.Build.0 = Debug|Any CPU
		{E630840B-BB2D-4CF8-A33F-8E7E511920FD}.Release|Any CPU.ActiveCfg = Release|Any CPU
		{E630840B-BB2D-4CF8-A33F-8E7E511920FD}.Release|Any CPU.Build.0 = Release|Any CPU
		{551DF982-AE58-4665-B1B9-EB117827A6B1}.Debug|Any CPU.ActiveCfg = Debug|Any CPU
		{551DF982-AE58-4665-B1B9-EB117827A6B1}.Debug|Any CPU.Build.0 = Debug|Any CPU
		{551DF982-AE58-4665-B1B9-EB117827A6B1}.Release|Any CPU.ActiveCfg = Release|Any CPU
		{551DF982-AE58-4665-B1B9-EB117827A6B1}.Release|Any CPU.Build.0 = Release|Any CPU
		{5B196E54-40C4-42A2-ADBA-0EE1967C92B0}.Debug|Any CPU.ActiveCfg = Debug|Any CPU
		{5B196E54-40C4-42A2-ADBA-0EE1967C92B0}.Debug|Any CPU.Build.0 = Debug|Any CPU
		{5B196E54-40C4-42A2-ADBA-0EE1967C92B0}.Release|Any CPU.ActiveCfg = Release|Any CPU
		{5B196E54-40C4-42A2-ADBA-0EE1967C92B0}.Release|Any CPU.Build.0 = Release|Any CPU
		{0E574474-8A0F-4074-8E19-AA1EF5B8D87A}.Debug|Any CPU.ActiveCfg = Debug|Any CPU
		{0E574474-8A0F-4074-8E19-AA1EF5B8D87A}.Debug|Any CPU.Build.0 = Debug|Any CPU
		{0E574474-8A0F-4074-8E19-AA1EF5B8D87A}.Release|Any CPU.ActiveCfg = Release|Any CPU
		{0E574474-8A0F-4074-8E19-AA1EF5B8D87A}.Release|Any CPU.Build.0 = Release|Any CPU
	EndGlobalSection
	GlobalSection(SolutionProperties) = preSolution
		HideSolutionNode = FALSE
	EndGlobalSection
	GlobalSection(ExtensibilityGlobals) = postSolution
		SolutionGuid = {E01BA629-0B2D-4D6F-A0FE-E439D0B47E13}
	EndGlobalSection
EndGlobal
